
Microsoft Visual Studio Solution File, Format Version 12.00
# Visual Studio Version 16
VisualStudioVersion = 16.0.30114.105
MinimumVisualStudioVersion = 10.0.40219.1
Project("{FAE04EC0-301F-11D3-BF4B-00C04F79EFBC}") = "FlappyBird", "FlappyBird.csproj", "{ECDF9196-1ACB-4D81-BA5C-615EA57791BE}"
EndProject
Global
	GlobalSection(SolutionConfigurationPlatforms) = preSolution
		Debug|Any CPU = Debug|Any CPU
		Release|Any CPU = Release|Any CPU
	EndGlobalSection
	GlobalSection(ProjectConfigurationPlatforms) = postSolution
		{ECDF9196-1ACB-4D81-BA5C-615EA57791BE}.Debug|Any CPU.ActiveCfg = Debug|Any CPU
		{ECDF9196-1ACB-4D81-BA5C-615EA57791BE}.Debug|Any CPU.Build.0 = Debug|Any CPU
		{ECDF9196-1ACB-4D81-BA5C-615EA57791BE}.Release|Any CPU.ActiveCfg = Release|Any CPU
		{ECDF9196-1ACB-4D81-BA5C-615EA57791BE}.Release|Any CPU.Build.0 = Release|Any CPU
	EndGlobalSection
	GlobalSection(SolutionProperties) = preSolution
		HideSolutionNode = FALSE
	EndGlobalSection
	GlobalSection(ExtensibilityGlobals) = postSolution
		SolutionGuid = {CB6A5EA3-F06F-4303-9F86-6D920E4658E3}
	EndGlobalSection
EndGlobal
